
Microsoft Visual Studio Solution File, Format Version 12.00
# Visual Studio Version 17
VisualStudioVersion = 17.14.36221.1 d17.14
MinimumVisualStudioVersion = 10.0.40219.1
Project("{FAE04EC0-301F-11D3-BF4B-00C04F79EFBC}") = "Linq 01", "Linq 01\Linq 01.csproj", "{8FE78367-87A4-4B2D-A59E-9E690969AA92}"
EndProject
Global
	GlobalSection(SolutionConfigurationPlatforms) = preSolution
		Debug|Any CPU = Debug|Any CPU
		Release|Any CPU = Release|Any CPU
	EndGlobalSection
	GlobalSection(ProjectConfigurationPlatforms) = postSolution
		{8FE78367-87A4-4B2D-A59E-9E690969AA92}.Debug|Any CPU.ActiveCfg = Debug|Any CPU
		{8FE78367-87A4-4B2D-A59E-9E690969AA92}.Debug|Any CPU.Build.0 = Debug|Any CPU
		{8FE78367-87A4-4B2D-A59E-9E690969AA92}.Release|Any CPU.ActiveCfg = Release|Any CPU
		{8FE78367-87A4-4B2D-A59E-9E690969AA92}.Release|Any CPU.Build.0 = Release|Any CPU
	EndGlobalSection
	GlobalSection(SolutionProperties) = preSolution
		HideSolutionNode = FALSE
	EndGlobalSection
	GlobalSection(ExtensibilityGlobals) = postSolution
		SolutionGuid = {D3ED03AF-960A-4D7D-AB1C-77C5BA28D565}
	EndGlobalSection
EndGlobal
